// !$*UTF8*$!
{
	archiveVersion = 1;
	classes = {
	};
	objectVersion = 56;
	objects = {

/* Begin PBXBuildFile section */
		5A1261D42ADE489C00BBF23A /* TipApp.swift in Sources */ = {isa = PBXBuildFile; fileRef = 5A1261D32ADE489C00BBF23A /* TipApp.swift */; };
		5A1261D62ADE489C00BBF23A /* ContentView.swift in Sources */ = {isa = PBXBuildFile; fileRef = 5A1261D52ADE489C00BBF23A /* ContentView.swift */; };
		5A1261D82ADE48A000BBF23A /* Assets.xcassets in Resources */ = {isa = PBXBuildFile; fileRef = 5A1261D72ADE48A000BBF23A /* Assets.xcassets */; };
		5A1261DB2ADE48A000BBF23A /* Preview Assets.xcassets in Resources */ = {isa = PBXBuildFile; fileRef = 5A1261DA2ADE48A000BBF23A /* Preview Assets.xcassets */; };
		5A1261E52ADE48A000BBF23A /* TipTests.swift in Sources */ = {isa = PBXBuildFile; fileRef = 5A1261E42ADE48A000BBF23A /* TipTests.swift */; };
		5A1261EF2ADE48A000BBF23A /* TipUITests.swift in Sources */ = {isa = PBXBuildFile; fileRef = 5A1261EE2ADE48A000BBF23A /* TipUITests.swift */; };
		5A1261F12ADE48A000BBF23A /* TipUITestsLaunchTests.swift in Sources */ = {isa = PBXBuildFile; fileRef = 5A1261F02ADE48A000BBF23A /* TipUITestsLaunchTests.swift */; };
		5A1262022AE7C16E00BBF23A /* InformationDetail.swift in Sources */ = {isa = PBXBuildFile; fileRef = 5A1261FF2AE7BDBD00BBF23A /* InformationDetail.swift */; };
/* End PBXBuildFile section */

/* Begin PBXContainerItemProxy section */
		5A1261E12ADE48A000BBF23A /* PBXContainerItemProxy */ = {
			isa = PBXContainerItemProxy;
			containerPortal = 5A1261C82ADE489C00BBF23A /* Project object */;
			proxyType = 1;
			remoteGlobalIDString = 5A1261CF2ADE489C00BBF23A;
			remoteInfo = Tip;
		};
		5A1261EB2ADE48A000BBF23A /* PBXContainerItemProxy */ = {
			isa = PBXContainerItemProxy;
			containerPortal = 5A1261C82ADE489C00BBF23A /* Project object */;
			proxyType = 1;
			remoteGlobalIDString = 5A1261CF2ADE489C00BBF23A;
			remoteInfo = Tip;
		};
/* End PBXContainerItemProxy section */

/* Begin PBXFileReference section */
		5A1261D02ADE489C00BBF23A /* Tip.app */ = {isa = PBXFileReference; explicitFileType = wrapper.application; includeInIndex = 0; path = Tip.app; sourceTree = BUILT_PRODUCTS_DIR; };
		5A1261D32ADE489C00BBF23A /* TipApp.swift */ = {isa = PBXFileReference; lastKnownFileType = sourcecode.swift; path = TipApp.swift; sourceTree = "<group>"; };
		5A1261D52ADE489C00BBF23A /* ContentView.swift */ = {isa = PBXFileReference; lastKnownFileType = sourcecode.swift; path = ContentView.swift; sourceTree = "<group>"; };
		5A1261D72ADE48A000BBF23A /* Assets.xcassets */ = {isa = PBXFileReference; lastKnownFileType = folder.assetcatalog; path = Assets.xcassets; sourceTree = "<group>"; };
		5A1261DA2ADE48A000BBF23A /* Preview Assets.xcassets */ = {isa = PBXFileReference; lastKnownFileType = folder.assetcatalog; path = "Preview Assets.xcassets"; sourceTree = "<group>"; };
		5A1261E02ADE48A000BBF23A /* TipTests.xctest */ = {isa = PBXFileReference; explicitFileType = wrapper.cfbundle; includeInIndex = 0; path = TipTests.xctest; sourceTree = BUILT_PRODUCTS_DIR; };
		5A1261E42ADE48A000BBF23A /* TipTests.swift */ = {isa = PBXFileReference; lastKnownFileType = sourcecode.swift; path = TipTests.swift; sourceTree = "<group>"; };
		5A1261EA2ADE48A000BBF23A /* TipUITests.xctest */ = {isa = PBXFileReference; explicitFileType = wrapper.cfbundle; includeInIndex = 0; path = TipUITests.xctest; sourceTree = BUILT_PRODUCTS_DIR; };
		5A1261EE2ADE48A000BBF23A /* TipUITests.swift */ = {isa = PBXFileReference; lastKnownFileType = sourcecode.swift; path = TipUITests.swift; sourceTree = "<group>"; };
		5A1261F02ADE48A000BBF23A /* TipUITestsLaunchTests.swift */ = {isa = PBXFileReference; lastKnownFileType = sourcecode.swift; path = TipUITestsLaunchTests.swift; sourceTree = "<group>"; };
		5A1261FF2AE7BDBD00BBF23A /* InformationDetail.swift */ = {isa = PBXFileReference; lastKnownFileType = sourcecode.swift; path = InformationDetail.swift; sourceTree = "<group>"; };
/* End PBXFileReference section */

/* Begin PBXFrameworksBuildPhase section */
		5A1261CD2ADE489C00BBF23A /* Frameworks */ = {
			isa = PBXFrameworksBuildPhase;
			buildActionMask = 2147483647;
			files = (
			);
			runOnlyForDeploymentPostprocessing = 0;
		};
		5A1261DD2ADE48A000BBF23A /* Frameworks */ = {
			isa = PBXFrameworksBuildPhase;
			buildActionMask = 2147483647;
			files = (
			);
			runOnlyForDeploymentPostprocessing = 0;
		};
		5A1261E72ADE48A000BBF23A /* Frameworks */ = {
			isa = PBXFrameworksBuildPhase;
			buildActionMask = 2147483647;
			files = (
			);
			runOnlyForDeploymentPostprocessing = 0;
		};
/* End PBXFrameworksBuildPhase section */

/* Begin PBXGroup section */
		5A1261C72ADE489C00BBF23A = {
			isa = PBXGroup;
			children = (
				5A1261D22ADE489C00BBF23A /* Tip */,
				5A1261E32ADE48A000BBF23A /* TipTests */,
				5A1261ED2ADE48A000BBF23A /* TipUITests */,
				5A1261D12ADE489C00BBF23A /* Products */,
			);
			sourceTree = "<group>";
		};
		5A1261D12ADE489C00BBF23A /* Products */ = {
			isa = PBXGroup;
			children = (
				5A1261D02ADE489C00BBF23A /* Tip.app */,
				5A1261E02ADE48A000BBF23A /* TipTests.xctest */,
				5A1261EA2ADE48A000BBF23A /* TipUITests.xctest */,
			);
			name = Products;
			sourceTree = "<group>";
		};
		5A1261D22ADE489C00BBF23A /* Tip */ = {
			isa = PBXGroup;
			children = (
				5A1261D32ADE489C00BBF23A /* TipApp.swift */,
				5A1261D52ADE489C00BBF23A /* ContentView.swift */,
				5A1261FF2AE7BDBD00BBF23A /* InformationDetail.swift */,
				5A1261D72ADE48A000BBF23A /* Assets.xcassets */,
				5A1261D92ADE48A000BBF23A /* Preview Content */,
			);
			path = Tip;
			sourceTree = "<group>";
		};
		5A1261D92ADE48A000BBF23A /* Preview Content */ = {
			isa = PBXGroup;
			children = (
				5A1261DA2ADE48A000BBF23A /* Preview Assets.xcassets */,
			);
			path = "Preview Content";
			sourceTree = "<group>";
		};
		5A1261E32ADE48A000BBF23A /* TipTests */ = {
			isa = PBXGroup;
			children = (
				5A1261E42ADE48A000BBF23A /* TipTests.swift */,
			);
			path = TipTests;
			sourceTree = "<group>";
		};
		5A1261ED2ADE48A000BBF23A /* TipUITests */ = {
			isa = PBXGroup;
			children = (
				5A1261EE2ADE48A000BBF23A /* TipUITests.swift */,
				5A1261F02ADE48A000BBF23A /* TipUITestsLaunchTests.swift */,
			);
			path = TipUITests;
			sourceTree = "<group>";
		};
/* End PBXGroup section */

/* Begin PBXNativeTarget section */
		5A1261CF2ADE489C00BBF23A /* Tip */ = {
			isa = PBXNativeTarget;
			buildConfigurationList = 5A1261F42ADE48A000BBF23A /* Build configuration list for PBXNativeTarget "Tip" */;
			buildPhases = (
				5A1261CC2ADE489C00BBF23A /* Sources */,
				5A1261CD2ADE489C00BBF23A /* Frameworks */,
				5A1261CE2ADE489C00BBF23A /* Resources */,
			);
			buildRules = (
			);
			dependencies = (
			);
			name = Tip;
			productName = Tip;
			productReference = 5A1261D02ADE489C00BBF23A /* Tip.app */;
			productType = "com.apple.product-type.application";
		};
		5A1261DF2ADE48A000BBF23A /* TipTests */ = {
			isa = PBXNativeTarget;
			buildConfigurationList = 5A1261F72ADE48A000BBF23A /* Build configuration list for PBXNativeTarget "TipTests" */;
			buildPhases = (
				5A1261DC2ADE48A000BBF23A /* Sources */,
				5A1261DD2ADE48A000BBF23A /* Frameworks */,
				5A1261DE2ADE48A000BBF23A /* Resources */,
			);
			buildRules = (
			);
			dependencies = (
				5A1261E22ADE48A000BBF23A /* PBXTargetDependency */,
			);
			name = TipTests;
			productName = TipTests;
			productReference = 5A1261E02ADE48A000BBF23A /* TipTests.xctest */;
			productType = "com.apple.product-type.bundle.unit-test";
		};
		5A1261E92ADE48A000BBF23A /* TipUITests */ = {
			isa = PBXNativeTarget;
			buildConfigurationList = 5A1261FA2ADE48A000BBF23A /* Build configuration list for PBXNativeTarget "TipUITests" */;
			buildPhases = (
				5A1261E62ADE48A000BBF23A /* Sources */,
				5A1261E72ADE48A000BBF23A /* Frameworks */,
				5A1261E82ADE48A000BBF23A /* Resources */,
			);
			buildRules = (
			);
			dependencies = (
				5A1261EC2ADE48A000BBF23A /* PBXTargetDependency */,
			);
			name = TipUITests;
			productName = TipUITests;
			productReference = 5A1261EA2ADE48A000BBF23A /* TipUITests.xctest */;
			productType = "com.apple.product-type.bundle.ui-testing";
		};
/* End PBXNativeTarget section */

/* Begin PBXProject section */
		5A1261C82ADE489C00BBF23A /* Project object */ = {
			isa = PBXProject;
			attributes = {
				BuildIndependentTargetsInParallel = 1;
				LastSwiftUpdateCheck = 1500;
				LastUpgradeCheck = 1500;
				TargetAttributes = {
					5A1261CF2ADE489C00BBF23A = {
						CreatedOnToolsVersion = 15.0;
					};
					5A1261DF2ADE48A000BBF23A = {
						CreatedOnToolsVersion = 15.0;
						TestTargetID = 5A1261CF2ADE489C00BBF23A;
					};
					5A1261E92ADE48A000BBF23A = {
						CreatedOnToolsVersion = 15.0;
						TestTargetID = 5A1261CF2ADE489C00BBF23A;
					};
				};
			};
			buildConfigurationList = 5A1261CB2ADE489C00BBF23A /* Build configuration list for PBXProject "Tip" */;
			compatibilityVersion = "Xcode 14.0";
			developmentRegion = en;
			hasScannedForEncodings = 0;
			knownRegions = (
				en,
				Base,
			);
			mainGroup = 5A1261C72ADE489C00BBF23A;
			productRefGroup = 5A1261D12ADE489C00BBF23A /* Products */;
			projectDirPath = "";
			projectRoot = "";
			targets = (
				5A1261CF2ADE489C00BBF23A /* Tip */,
				5A1261DF2ADE48A000BBF23A /* TipTests */,
				5A1261E92ADE48A000BBF23A /* TipUITests */,
			);
		};
/* End PBXProject section */

/* Begin PBXResourcesBuildPhase section */
		5A1261CE2ADE489C00BBF23A /* Resources */ = {
			isa = PBXResourcesBuildPhase;
			buildActionMask = 2147483647;
			files = (
				5A1261DB2ADE48A000BBF23A /* Preview Assets.xcassets in Resources */,
				5A1261D82ADE48A000BBF23A /* Assets.xcassets in Resources */,
			);
			runOnlyForDeploymentPostprocessing = 0;
		};
		5A1261DE2ADE48A000BBF23A /* Resources */ = {
			isa = PBXResourcesBuildPhase;
			buildActionMask = 2147483647;
			files = (
			);
			runOnlyForDeploymentPostprocessing = 0;
		};
		5A1261E82ADE48A000BBF23A /* Resources */ = {
			isa = PBXResourcesBuildPhase;
			buildActionMask = 2147483647;
			files = (
			);
			runOnlyForDeploymentPostprocessing = 0;
		};
/* End PBXResourcesBuildPhase section */

/* Begin PBXSourcesBuildPhase section */
		5A1261CC2ADE489C00BBF23A /* Sources */ = {
			isa = PBXSourcesBuildPhase;
			buildActionMask = 2147483647;
			files = (
				5A1261D62ADE489C00BBF23A /* ContentView.swift in Sources */,
				5A1261D42ADE489C00BBF23A /* TipApp.swift in Sources */,
				5A1262022AE7C16E00BBF23A /* InformationDetail.swift in Sources */,
			);
			runOnlyForDeploymentPostprocessing = 0;
		};
		5A1261DC2ADE48A000BBF23A /* Sources */ = {
			isa = PBXSourcesBuildPhase;
			buildActionMask = 2147483647;
			files = (
				5A1261E52ADE48A000BBF23A /* TipTests.swift in Sources */,
			);
			runOnlyForDeploymentPostprocessing = 0;
		};
		5A1261E62ADE48A000BBF23A /* Sources */ = {
			isa = PBXSourcesBuildPhase;
			buildActionMask = 2147483647;
			files = (
				5A1261F12ADE48A000BBF23A /* TipUITestsLaunchTests.swift in Sources */,
				5A1261EF2ADE48A000BBF23A /* TipUITests.swift in Sources */,
			);
			runOnlyForDeploymentPostprocessing = 0;
		};
/* End PBXSourcesBuildPhase section */

/* Begin PBXTargetDependency section */
		5A1261E22ADE48A000BBF23A /* PBXTargetDependency */ = {
			isa = PBXTargetDependency;
			target = 5A1261CF2ADE489C00BBF23A /* Tip */;
			targetProxy = 5A1261E12ADE48A000BBF23A /* PBXContainerItemProxy */;
		};
		5A1261EC2ADE48A000BBF23A /* PBXTargetDependency */ = {
			isa = PBXTargetDependency;
			target = 5A1261CF2ADE489C00BBF23A /* Tip */;
			targetProxy = 5A1261EB2ADE48A000BBF23A /* PBXContainerItemProxy */;
		};
/* End PBXTargetDependency section */

/* Begin XCBuildConfiguration section */
		5A1261F22ADE48A000BBF23A /* Debug */ = {
			isa = XCBuildConfiguration;
			buildSettings = {
				ALWAYS_SEARCH_USER_PATHS = NO;
				ASSETCATALOG_COMPILER_GENERATE_SWIFT_ASSET_SYMBOL_EXTENSIONS = YES;
				CLANG_ANALYZER_NONNULL = YES;
				CLANG_ANALYZER_NUMBER_OBJECT_CONVERSION = YES_AGGRESSIVE;
				CLANG_CXX_LANGUAGE_STANDARD = "gnu++20";
				CLANG_ENABLE_MODULES = YES;
				CLANG_ENABLE_OBJC_ARC = YES;
				CLANG_ENABLE_OBJC_WEAK = YES;
				CLANG_WARN_BLOCK_CAPTURE_AUTORELEASING = YES;
				CLANG_WARN_BOOL_CONVERSION = YES;
				CLANG_WARN_COMMA = YES;
				CLANG_WARN_CONSTANT_CONVERSION = YES;
				CLANG_WARN_DEPRECATED_OBJC_IMPLEMENTATIONS = YES;
				CLANG_WARN_DIRECT_OBJC_ISA_USAGE = YES_ERROR;
				CLANG_WARN_DOCUMENTATION_COMMENTS = YES;
				CLANG_WARN_EMPTY_BODY = YES;
				CLANG_WARN_ENUM_CONVERSION = YES;
				CLANG_WARN_INFINITE_RECURSION = YES;
				CLANG_WARN_INT_CONVERSION = YES;
				CLANG_WARN_NON_LITERAL_NULL_CONVERSION = YES;
				CLANG_WARN_OBJC_IMPLICIT_RETAIN_SELF = YES;
				CLANG_WARN_OBJC_LITERAL_CONVERSION = YES;
				CLANG_WARN_OBJC_ROOT_CLASS = YES_ERROR;
				CLANG_WARN_QUOTED_INCLUDE_IN_FRAMEWORK_HEADER = YES;
				CLANG_WARN_RANGE_LOOP_ANALYSIS = YES;
				CLANG_WARN_STRICT_PROTOTYPES = YES;
				CLANG_WARN_SUSPICIOUS_MOVE = YES;
				CLANG_WARN_UNGUARDED_AVAILABILITY = YES_AGGRESSIVE;
				CLANG_WARN_UNREACHABLE_CODE = YES;
				CLANG_WARN__DUPLICATE_METHOD_MATCH = YES;
				COPY_PHASE_STRIP = NO;
				DEBUG_INFORMATION_FORMAT = dwarf;
				ENABLE_STRICT_OBJC_MSGSEND = YES;
				ENABLE_TESTABILITY = YES;
				ENABLE_USER_SCRIPT_SANDBOXING = YES;
				GCC_C_LANGUAGE_STANDARD = gnu17;
				GCC_DYNAMIC_NO_PIC = NO;
				GCC_NO_COMMON_BLOCKS = YES;
				GCC_OPTIMIZATION_LEVEL = 0;
				GCC_PREPROCESSOR_DEFINITIONS = (
					"DEBUG=1",
					"$(inherited)",
				);
				GCC_WARN_64_TO_32_BIT_CONVERSION = YES;
				GCC_WARN_ABOUT_RETURN_TYPE = YES_ERROR;
				GCC_WARN_UNDECLARED_SELECTOR = YES;
				GCC_WARN_UNINITIALIZED_AUTOS = YES_AGGRESSIVE;
				GCC_WARN_UNUSED_FUNCTION = YES;
				GCC_WARN_UNUSED_VARIABLE = YES;
				IPHONEOS_DEPLOYMENT_TARGET = 17.0;
				LOCALIZATION_PREFERS_STRING_CATALOGS = YES;
				MTL_ENABLE_DEBUG_INFO = INCLUDE_SOURCE;
				MTL_FAST_MATH = YES;
				ONLY_ACTIVE_ARCH = YES;
				SDKROOT = iphoneos;
				SWIFT_ACTIVE_COMPILATION_CONDITIONS = "DEBUG $(inherited)";
				SWIFT_OPTIMIZATION_LEVEL = "-Onone";
			};
			name = Debug;
		};
		5A1261F32ADE48A000BBF23A /* Release */ = {
			isa = XCBuildConfiguration;
			buildSettings = {
				ALWAYS_SEARCH_USER_PATHS = NO;
				ASSETCATALOG_COMPILER_GENERATE_SWIFT_ASSET_SYMBOL_EXTENSIONS = YES;
				CLANG_ANALYZER_NONNULL = YES;
				CLANG_ANALYZER_NUMBER_OBJECT_CONVERSION = YES_AGGRESSIVE;
				CLANG_CXX_LANGUAGE_STANDARD = "gnu++20";
				CLANG_ENABLE_MODULES = YES;
				CLANG_ENABLE_OBJC_ARC = YES;
				CLANG_ENABLE_OBJC_WEAK = YES;
				CLANG_WARN_BLOCK_CAPTURE_AUTORELEASING = YES;
				CLANG_WARN_BOOL_CONVERSION = YES;
				CLANG_WARN_COMMA = YES;
				CLANG_WARN_CONSTANT_CONVERSION = YES;
				CLANG_WARN_DEPRECATED_OBJC_IMPLEMENTATIONS = YES;
				CLANG_WARN_DIRECT_OBJC_ISA_USAGE = YES_ERROR;
				CLANG_WARN_DOCUMENTATION_COMMENTS = YES;
				CLANG_WARN_EMPTY_BODY = YES;
				CLANG_WARN_ENUM_CONVERSION = YES;
				CLANG_WARN_INFINITE_RECURSION = YES;
				CLANG_WARN_INT_CONVERSION = YES;
				CLANG_WARN_NON_LITERAL_NULL_CONVERSION = YES;
				CLANG_WARN_OBJC_IMPLICIT_RETAIN_SELF = YES;
				CLANG_WARN_OBJC_LITERAL_CONVERSION = YES;
				CLANG_WARN_OBJC_ROOT_CLASS = YES_ERROR;
				CLANG_WARN_QUOTED_INCLUDE_IN_FRAMEWORK_HEADER = YES;
				CLANG_WARN_RANGE_LOOP_ANALYSIS = YES;
				CLANG_WARN_STRICT_PROTOTYPES = YES;
				CLANG_WARN_SUSPICIOUS_MOVE = YES;
				CLANG_WARN_UNGUARDED_AVAILABILITY = YES_AGGRESSIVE;
				CLANG_WARN_UNREACHABLE_CODE = YES;
				CLANG_WARN__DUPLICATE_METHOD_MATCH = YES;
				COPY_PHASE_STRIP = NO;
				DEBUG_INFORMATION_FORMAT = "dwarf-with-dsym";
				ENABLE_NS_ASSERTIONS = NO;
				ENABLE_STRICT_OBJC_MSGSEND = YES;
				ENABLE_USER_SCRIPT_SANDBOXING = YES;
				GCC_C_LANGUAGE_STANDARD = gnu17;
				GCC_NO_COMMON_BLOCKS = YES;
				GCC_WARN_64_TO_32_BIT_CONVERSION = YES;
				GCC_WARN_ABOUT_RETURN_TYPE = YES_ERROR;
				GCC_WARN_UNDECLARED_SELECTOR = YES;
				GCC_WARN_UNINITIALIZED_AUTOS = YES_AGGRESSIVE;
				GCC_WARN_UNUSED_FUNCTION = YES;
				GCC_WARN_UNUSED_VARIABLE = YES;
				IPHONEOS_DEPLOYMENT_TARGET = 17.0;
				LOCALIZATION_PREFERS_STRING_CATALOGS = YES;
				MTL_ENABLE_DEBUG_INFO = NO;
				MTL_FAST_MATH = YES;
				SDKROOT = iphoneos;
				SWIFT_COMPILATION_MODE = wholemodule;
				VALIDATE_PRODUCT = YES;
			};
			name = Release;
		};
		5A1261F52ADE48A000BBF23A /* Debug */ = {
			isa = XCBuildConfiguration;
			buildSettings = {
				ASSETCATALOG_COMPILER_APPICON_NAME = AppIcon;
				ASSETCATALOG_COMPILER_GLOBAL_ACCENT_COLOR_NAME = AccentColor;
				CODE_SIGN_STYLE = Automatic;
				CURRENT_PROJECT_VERSION = 1;
				DEVELOPMENT_ASSET_PATHS = "\"Tip/Preview Content\"";
				DEVELOPMENT_TEAM = KNH9JJ79V9;
				ENABLE_PREVIEWS = YES;
				GENERATE_INFOPLIST_FILE = YES;
				INFOPLIST_KEY_UIApplicationSceneManifest_Generation = YES;
				INFOPLIST_KEY_UIApplicationSupportsIndirectInputEvents = YES;
				INFOPLIST_KEY_UILaunchScreen_Generation = YES;
				INFOPLIST_KEY_UISupportedInterfaceOrientations_iPad = "UIInterfaceOrientationPortrait UIInterfaceOrientationPortraitUpsideDown UIInterfaceOrientationLandscapeLeft UIInterfaceOrientationLandscapeRight";
				INFOPLIST_KEY_UISupportedInterfaceOrientations_iPhone = "UIInterfaceOrientationPortrait UIInterfaceOrientationLandscapeLeft UIInterfaceOrientationLandscapeRight";
				LD_RUNPATH_SEARCH_PATHS = (
					"$(inherited)",
					"@executable_path/Frameworks",
				);
				MARKETING_VERSION = 1.0;
				PRODUCT_BUNDLE_IDENTIFIER = com.eunsol.tip.Tip;
				PRODUCT_NAME = "$(TARGET_NAME)";
				SWIFT_EMIT_LOC_STRINGS = YES;
				SWIFT_VERSION = 5.0;
				TARGETED_DEVICE_FAMILY = "1,2";
			};
			name = Debug;
		};
		5A1261F62ADE48A000BBF23A /* Release */ = {
			isa = XCBuildConfiguration;
			buildSettings = {
				ASSETCATALOG_COMPILER_APPICON_NAME = AppIcon;
				ASSETCATALOG_COMPILER_GLOBAL_ACCENT_COLOR_NAME = AccentColor;
				CODE_SIGN_STYLE = Automatic;
				CURRENT_PROJECT_VERSION = 1;
				DEVELOPMENT_ASSET_PATHS = "\"Tip/Preview Content\"";
				DEVELOPMENT_TEAM = KNH9JJ79V9;
				ENABLE_PREVIEWS = YES;
				GENERATE_INFOPLIST_FILE = YES;
				INFOPLIST_KEY_UIApplicationSceneManifest_Generation = YES;
				INFOPLIST_KEY_UIApplicationSupportsIndirectInputEvents = YES;
				INFOPLIST_KEY_UILaunchScreen_Generation = YES;
				INFOPLIST_KEY_UISupportedInterfaceOrientations_iPad = "UIInterfaceOrientationPortrait UIInterfaceOrientationPortraitUpsideDown UIInterfaceOrientationLandscapeLeft UIInterfaceOrientationLandscapeRight";
				INFOPLIST_KEY_UISupportedInterfaceOrientations_iPhone = "UIInterfaceOrientationPortrait UIInterfaceOrientationLandscapeLeft UIInterfaceOrientationLandscapeRight";
				LD_RUNPATH_SEARCH_PATHS = (
					"$(inherited)",
					"@executable_path/Frameworks",
				);
				MARKETING_VERSION = 1.0;
				PRODUCT_BUNDLE_IDENTIFIER = com.eunsol.tip.Tip;
				PRODUCT_NAME = "$(TARGET_NAME)";
				SWIFT_EMIT_LOC_STRINGS = YES;
				SWIFT_VERSION = 5.0;
				TARGETED_DEVICE_FAMILY = "1,2";
			};
			name = Release;
		};
		5A1261F82ADE48A000BBF23A /* Debug */ = {
			isa = XCBuildConfiguration;
			buildSettings = {
				ALWAYS_EMBED_SWIFT_STANDARD_LIBRARIES = YES;
				BUNDLE_LOADER = "$(TEST_HOST)";
				CODE_SIGN_STYLE = Automatic;
				CURRENT_PROJECT_VERSION = 1;
				DEVELOPMENT_TEAM = KNH9JJ79V9;
				GENERATE_INFOPLIST_FILE = YES;
				IPHONEOS_DEPLOYMENT_TARGET = 17.0;
				MARKETING_VERSION = 1.0;
				PRODUCT_BUNDLE_IDENTIFIER = com.eunsol.tip.TipTests;
				PRODUCT_NAME = "$(TARGET_NAME)";
				SWIFT_EMIT_LOC_STRINGS = NO;
				SWIFT_VERSION = 5.0;
				TARGETED_DEVICE_FAMILY = "1,2";
				TEST_HOST = "$(BUILT_PRODUCTS_DIR)/Tip.app/$(BUNDLE_EXECUTABLE_FOLDER_PATH)/Tip";
			};
			name = Debug;
		};
		5A1261F92ADE48A000BBF23A /* Release */ = {
			isa = XCBuildConfiguration;
			buildSettings = {
				ALWAYS_EMBED_SWIFT_STANDARD_LIBRARIES = YES;
				BUNDLE_LOADER = "$(TEST_HOST)";
				CODE_SIGN_STYLE = Automatic;
				CURRENT_PROJECT_VERSION = 1;
				DEVELOPMENT_TEAM = KNH9JJ79V9;
				GENERATE_INFOPLIST_FILE = YES;
				IPHONEOS_DEPLOYMENT_TARGET = 17.0;
				MARKETING_VERSION = 1.0;
				PRODUCT_BUNDLE_IDENTIFIER = com.eunsol.tip.TipTests;
				PRODUCT_NAME = "$(TARGET_NAME)";
				SWIFT_EMIT_LOC_STRINGS = NO;
				SWIFT_VERSION = 5.0;
				TARGETED_DEVICE_FAMILY = "1,2";
				TEST_HOST = "$(BUILT_PRODUCTS_DIR)/Tip.app/$(BUNDLE_EXECUTABLE_FOLDER_PATH)/Tip";
			};
			name = Release;
		};
		5A1261FB2ADE48A000BBF23A /* Debug */ = {
			isa = XCBuildConfiguration;
			buildSettings = {
				ALWAYS_EMBED_SWIFT_STANDARD_LIBRARIES = YES;
				CODE_SIGN_STYLE = Automatic;
				CURRENT_PROJECT_VERSION = 1;
				DEVELOPMENT_TEAM = KNH9JJ79V9;
				GENERATE_INFOPLIST_FILE = YES;
				MARKETING_VERSION = 1.0;
				PRODUCT_BUNDLE_IDENTIFIER = com.eunsol.tip.TipUITests;
				PRODUCT_NAME = "$(TARGET_NAME)";
				SWIFT_EMIT_LOC_STRINGS = NO;
				SWIFT_VERSION = 5.0;
				TARGETED_DEVICE_FAMILY = "1,2";
				TEST_TARGET_NAME = Tip;
			};
			name = Debug;
		};
		5A1261FC2ADE48A000BBF23A /* Release */ = {
			isa = XCBuildConfiguration;
			buildSettings = {
				ALWAYS_EMBED_SWIFT_STANDARD_LIBRARIES = YES;
				CODE_SIGN_STYLE = Automatic;
				CURRENT_PROJECT_VERSION = 1;
				DEVELOPMENT_TEAM = KNH9JJ79V9;
				GENERATE_INFOPLIST_FILE = YES;
				MARKETING_VERSION = 1.0;
				PRODUCT_BUNDLE_IDENTIFIER = com.eunsol.tip.TipUITests;
				PRODUCT_NAME = "$(TARGET_NAME)";
				SWIFT_EMIT_LOC_STRINGS = NO;
				SWIFT_VERSION = 5.0;
				TARGETED_DEVICE_FAMILY = "1,2";
				TEST_TARGET_NAME = Tip;
			};
			name = Release;
		};
/* End XCBuildConfiguration section */

/* Begin XCConfigurationList section */
		5A1261CB2ADE489C00BBF23A /* Build configuration list for PBXProject "Tip" */ = {
			isa = XCConfigurationList;
			buildConfigurations = (
				5A1261F22ADE48A000BBF23A /* Debug */,
				5A1261F32ADE48A000BBF23A /* Release */,
			);
			defaultConfigurationIsVisible = 0;
			defaultConfigurationName = Release;
		};
		5A1261F42ADE48A000BBF23A /* Build configuration list for PBXNativeTarget "Tip" */ = {
			isa = XCConfigurationList;
			buildConfigurations = (
				5A1261F52ADE48A000BBF23A /* Debug */,
				5A1261F62ADE48A000BBF23A /* Release */,
			);
			defaultConfigurationIsVisible = 0;
			defaultConfigurationName = Release;
		};
		5A1261F72ADE48A000BBF23A /* Build configuration list for PBXNativeTarget "TipTests" */ = {
			isa = XCConfigurationList;
			buildConfigurations = (
				5A1261F82ADE48A000BBF23A /* Debug */,
				5A1261F92ADE48A000BBF23A /* Release */,
			);
			defaultConfigurationIsVisible = 0;
			defaultConfigurationName = Release;
		};
		5A1261FA2ADE48A000BBF23A /* Build configuration list for PBXNativeTarget "TipUITests" */ = {
			isa = XCConfigurationList;
			buildConfigurations = (
				5A1261FB2ADE48A000BBF23A /* Debug */,
				5A1261FC2ADE48A000BBF23A /* Release */,
			);
			defaultConfigurationIsVisible = 0;
			defaultConfigurationName = Release;
		};
/* End XCConfigurationList section */
	};
	rootObject = 5A1261C82ADE489C00BBF23A /* Project object */;
}
